
Microsoft Visual Studio Solution File, Format Version 12.00
# Visual Studio Version 16
VisualStudioVersion = 16.0.31025.194
MinimumVisualStudioVersion = 10.0.40219.1
Project("{FAE04EC0-301F-11D3-BF4B-00C04F79EFBC}") = "day20", "day20\day20.csproj", "{892A7D23-4591-426F-B42B-0A88D405B708}"
EndProject
Global
	GlobalSection(SolutionConfigurationPlatforms) = preSolution
		Debug|Any CPU = Debug|Any CPU
		Release|Any CPU = Release|Any CPU
	EndGlobalSection
	GlobalSection(ProjectConfigurationPlatforms) = postSolution
		{892A7D23-4591-426F-B42B-0A88D405B708}.Debug|Any CPU.ActiveCfg = Debug|Any CPU
		{892A7D23-4591-426F-B42B-0A88D405B708}.Debug|Any CPU.Build.0 = Debug|Any CPU
		{892A7D23-4591-426F-B42B-0A88D405B708}.Release|Any CPU.ActiveCfg = Release|Any CPU
		{892A7D23-4591-426F-B42B-0A88D405B708}.Release|Any CPU.Build.0 = Release|Any CPU
	EndGlobalSection
	GlobalSection(SolutionProperties) = preSolution
		HideSolutionNode = FALSE
	EndGlobalSection
	GlobalSection(ExtensibilityGlobals) = postSolution
		SolutionGuid = {B848359D-584E-45B6-9AD6-1327A4151BF9}
	EndGlobalSection
EndGlobal
