
Microsoft Visual Studio Solution File, Format Version 12.00
# Visual Studio Version 16
VisualStudioVersion = 16.0.31025.194
MinimumVisualStudioVersion = 10.0.40219.1
Project("{FAE04EC0-301F-11D3-BF4B-00C04F79EFBC}") = "day19", "day19\day19.csproj", "{B1D58830-4802-40FB-A1D8-3E69E7DD0E86}"
EndProject
Global
	GlobalSection(SolutionConfigurationPlatforms) = preSolution
		Debug|Any CPU = Debug|Any CPU
		Release|Any CPU = Release|Any CPU
	EndGlobalSection
	GlobalSection(ProjectConfigurationPlatforms) = postSolution
		{B1D58830-4802-40FB-A1D8-3E69E7DD0E86}.Debug|Any CPU.ActiveCfg = Debug|Any CPU
		{B1D58830-4802-40FB-A1D8-3E69E7DD0E86}.Debug|Any CPU.Build.0 = Debug|Any CPU
		{B1D58830-4802-40FB-A1D8-3E69E7DD0E86}.Release|Any CPU.ActiveCfg = Release|Any CPU
		{B1D58830-4802-40FB-A1D8-3E69E7DD0E86}.Release|Any CPU.Build.0 = Release|Any CPU
	EndGlobalSection
	GlobalSection(SolutionProperties) = preSolution
		HideSolutionNode = FALSE
	EndGlobalSection
	GlobalSection(ExtensibilityGlobals) = postSolution
		SolutionGuid = {9F48C537-E16C-4A92-83A9-AE63E13D698B}
	EndGlobalSection
EndGlobal
