
Microsoft Visual Studio Solution File, Format Version 12.00
# Visual Studio Version 16
VisualStudioVersion = 16.0.31025.194
MinimumVisualStudioVersion = 10.0.40219.1
Project("{FAE04EC0-301F-11D3-BF4B-00C04F79EFBC}") = "Day10", "Day10\Day10.csproj", "{4929347B-B924-4D38-A508-06AF36CF7AC5}"
EndProject
Global
	GlobalSection(SolutionConfigurationPlatforms) = preSolution
		Debug|Any CPU = Debug|Any CPU
		Release|Any CPU = Release|Any CPU
	EndGlobalSection
	GlobalSection(ProjectConfigurationPlatforms) = postSolution
		{4929347B-B924-4D38-A508-06AF36CF7AC5}.Debug|Any CPU.ActiveCfg = Debug|Any CPU
		{4929347B-B924-4D38-A508-06AF36CF7AC5}.Debug|Any CPU.Build.0 = Debug|Any CPU
		{4929347B-B924-4D38-A508-06AF36CF7AC5}.Release|Any CPU.ActiveCfg = Release|Any CPU
		{4929347B-B924-4D38-A508-06AF36CF7AC5}.Release|Any CPU.Build.0 = Release|Any CPU
	EndGlobalSection
	GlobalSection(SolutionProperties) = preSolution
		HideSolutionNode = FALSE
	EndGlobalSection
	GlobalSection(ExtensibilityGlobals) = postSolution
		SolutionGuid = {5E2E344D-700B-499D-8E88-6DFED2A48ABA}
	EndGlobalSection
EndGlobal
