
Microsoft Visual Studio Solution File, Format Version 12.00
# Visual Studio Version 16
VisualStudioVersion = 16.0.31025.194
MinimumVisualStudioVersion = 10.0.40219.1
Project("{FAE04EC0-301F-11D3-BF4B-00C04F79EFBC}") = "day14", "day14\day14.csproj", "{85F7AD99-44DE-47D0-BFD7-7EC99CF5EDBC}"
EndProject
Global
	GlobalSection(SolutionConfigurationPlatforms) = preSolution
		Debug|Any CPU = Debug|Any CPU
		Release|Any CPU = Release|Any CPU
	EndGlobalSection
	GlobalSection(ProjectConfigurationPlatforms) = postSolution
		{85F7AD99-44DE-47D0-BFD7-7EC99CF5EDBC}.Debug|Any CPU.ActiveCfg = Debug|Any CPU
		{85F7AD99-44DE-47D0-BFD7-7EC99CF5EDBC}.Debug|Any CPU.Build.0 = Debug|Any CPU
		{85F7AD99-44DE-47D0-BFD7-7EC99CF5EDBC}.Release|Any CPU.ActiveCfg = Release|Any CPU
		{85F7AD99-44DE-47D0-BFD7-7EC99CF5EDBC}.Release|Any CPU.Build.0 = Release|Any CPU
	EndGlobalSection
	GlobalSection(SolutionProperties) = preSolution
		HideSolutionNode = FALSE
	EndGlobalSection
	GlobalSection(ExtensibilityGlobals) = postSolution
		SolutionGuid = {8195B608-CCD9-4D7C-A519-1AF25FDA2C9F}
	EndGlobalSection
EndGlobal
