
Microsoft Visual Studio Solution File, Format Version 12.00
# Visual Studio Version 16
VisualStudioVersion = 16.0.31025.194
MinimumVisualStudioVersion = 10.0.40219.1
Project("{FAE04EC0-301F-11D3-BF4B-00C04F79EFBC}") = "day17", "day17\day17.csproj", "{69D73F05-28C0-45D0-9484-D25E6DEAB976}"
EndProject
Global
	GlobalSection(SolutionConfigurationPlatforms) = preSolution
		Debug|Any CPU = Debug|Any CPU
		Release|Any CPU = Release|Any CPU
	EndGlobalSection
	GlobalSection(ProjectConfigurationPlatforms) = postSolution
		{69D73F05-28C0-45D0-9484-D25E6DEAB976}.Debug|Any CPU.ActiveCfg = Debug|Any CPU
		{69D73F05-28C0-45D0-9484-D25E6DEAB976}.Debug|Any CPU.Build.0 = Debug|Any CPU
		{69D73F05-28C0-45D0-9484-D25E6DEAB976}.Release|Any CPU.ActiveCfg = Release|Any CPU
		{69D73F05-28C0-45D0-9484-D25E6DEAB976}.Release|Any CPU.Build.0 = Release|Any CPU
	EndGlobalSection
	GlobalSection(SolutionProperties) = preSolution
		HideSolutionNode = FALSE
	EndGlobalSection
	GlobalSection(ExtensibilityGlobals) = postSolution
		SolutionGuid = {43F64767-A42A-4050-9C9E-10A9D668400D}
	EndGlobalSection
EndGlobal
