
Microsoft Visual Studio Solution File, Format Version 12.00
# Visual Studio Version 17
VisualStudioVersion = 17.0.32126.317
MinimumVisualStudioVersion = 10.0.40219.1
Project("{FAE04EC0-301F-11D3-BF4B-00C04F79EFBC}") = "day8", "day8\day8.csproj", "{AF494AD5-1749-4C43-A344-C51E3F17DB71}"
EndProject
Global
	GlobalSection(SolutionProperties) = preSolution
		HideSolutionNode = FALSE
	EndGlobalSection
	GlobalSection(ExtensibilityGlobals) = postSolution
		SolutionGuid = {70C4B4F6-0390-449A-9FCD-9BCA13E57282}
	EndGlobalSection
	GlobalSection(SolutionConfigurationPlatforms) = preSolution
		Debug|Any CPU = Debug|Any CPU
		Debug|x64 = Debug|x64
		Debug|x86 = Debug|x86
		Release|Any CPU = Release|Any CPU
		Release|x64 = Release|x64
		Release|x86 = Release|x86
	EndGlobalSection
	GlobalSection(ProjectConfigurationPlatforms) = postSolution
		{AF494AD5-1749-4C43-A344-C51E3F17DB71}.Debug|Any CPU.ActiveCfg = Debug|Any CPU
		{AF494AD5-1749-4C43-A344-C51E3F17DB71}.Debug|Any CPU.Build.0 = Debug|Any CPU
		{AF494AD5-1749-4C43-A344-C51E3F17DB71}.Debug|x64.ActiveCfg = Debug|Any CPU
		{AF494AD5-1749-4C43-A344-C51E3F17DB71}.Debug|x64.Build.0 = Debug|Any CPU
		{AF494AD5-1749-4C43-A344-C51E3F17DB71}.Debug|x86.ActiveCfg = Debug|Any CPU
		{AF494AD5-1749-4C43-A344-C51E3F17DB71}.Debug|x86.Build.0 = Debug|Any CPU
		{AF494AD5-1749-4C43-A344-C51E3F17DB71}.Release|Any CPU.ActiveCfg = Release|Any CPU
		{AF494AD5-1749-4C43-A344-C51E3F17DB71}.Release|Any CPU.Build.0 = Release|Any CPU
		{AF494AD5-1749-4C43-A344-C51E3F17DB71}.Release|x64.ActiveCfg = Release|Any CPU
		{AF494AD5-1749-4C43-A344-C51E3F17DB71}.Release|x64.Build.0 = Release|Any CPU
		{AF494AD5-1749-4C43-A344-C51E3F17DB71}.Release|x86.ActiveCfg = Release|Any CPU
		{AF494AD5-1749-4C43-A344-C51E3F17DB71}.Release|x86.Build.0 = Release|Any CPU
	EndGlobalSection
EndGlobal
