
Microsoft Visual Studio Solution File, Format Version 12.00
# Visual Studio Version 16
VisualStudioVersion = 16.0.31025.194
MinimumVisualStudioVersion = 10.0.40219.1
Project("{FAE04EC0-301F-11D3-BF4B-00C04F79EFBC}") = "day13", "day13\day13.csproj", "{9DCD4BE1-56DF-451B-840A-36B728219803}"
EndProject
Global
	GlobalSection(SolutionConfigurationPlatforms) = preSolution
		Debug|Any CPU = Debug|Any CPU
		Release|Any CPU = Release|Any CPU
	EndGlobalSection
	GlobalSection(ProjectConfigurationPlatforms) = postSolution
		{9DCD4BE1-56DF-451B-840A-36B728219803}.Debug|Any CPU.ActiveCfg = Debug|Any CPU
		{9DCD4BE1-56DF-451B-840A-36B728219803}.Debug|Any CPU.Build.0 = Debug|Any CPU
		{9DCD4BE1-56DF-451B-840A-36B728219803}.Release|Any CPU.ActiveCfg = Release|Any CPU
		{9DCD4BE1-56DF-451B-840A-36B728219803}.Release|Any CPU.Build.0 = Release|Any CPU
	EndGlobalSection
	GlobalSection(SolutionProperties) = preSolution
		HideSolutionNode = FALSE
	EndGlobalSection
	GlobalSection(ExtensibilityGlobals) = postSolution
		SolutionGuid = {84D86DF9-B222-44F4-B5AC-535C5B05E17B}
	EndGlobalSection
EndGlobal
