
Microsoft Visual Studio Solution File, Format Version 12.00
# Visual Studio Version 17
VisualStudioVersion = 17.0.32112.339
MinimumVisualStudioVersion = 10.0.40219.1
Project("{FAE04EC0-301F-11D3-BF4B-00C04F79EFBC}") = "Day 9", "Day 9\Day 9.csproj", "{387F4548-2BC6-4FF9-82EA-9ED7A371D53B}"
EndProject
Global
	GlobalSection(SolutionConfigurationPlatforms) = preSolution
		Debug|Any CPU = Debug|Any CPU
		Release|Any CPU = Release|Any CPU
	EndGlobalSection
	GlobalSection(ProjectConfigurationPlatforms) = postSolution
		{387F4548-2BC6-4FF9-82EA-9ED7A371D53B}.Debug|Any CPU.ActiveCfg = Debug|Any CPU
		{387F4548-2BC6-4FF9-82EA-9ED7A371D53B}.Debug|Any CPU.Build.0 = Debug|Any CPU
		{387F4548-2BC6-4FF9-82EA-9ED7A371D53B}.Release|Any CPU.ActiveCfg = Release|Any CPU
		{387F4548-2BC6-4FF9-82EA-9ED7A371D53B}.Release|Any CPU.Build.0 = Release|Any CPU
	EndGlobalSection
	GlobalSection(SolutionProperties) = preSolution
		HideSolutionNode = FALSE
	EndGlobalSection
	GlobalSection(ExtensibilityGlobals) = postSolution
		SolutionGuid = {4A231874-B808-4CB7-A292-998A13E0CCFE}
	EndGlobalSection
EndGlobal
