
Microsoft Visual Studio Solution File, Format Version 12.00
# Visual Studio Version 17
VisualStudioVersion = 17.0.32126.317
MinimumVisualStudioVersion = 10.0.40219.1
Project("{FAE04EC0-301F-11D3-BF4B-00C04F79EFBC}") = "Day 8", "Day 8\Day 8.csproj", "{18E34FB4-5BE7-41A0-8F1B-63E4EFCBA872}"
EndProject
Global
	GlobalSection(SolutionConfigurationPlatforms) = preSolution
		Debug|Any CPU = Debug|Any CPU
		Release|Any CPU = Release|Any CPU
	EndGlobalSection
	GlobalSection(ProjectConfigurationPlatforms) = postSolution
		{18E34FB4-5BE7-41A0-8F1B-63E4EFCBA872}.Debug|Any CPU.ActiveCfg = Debug|Any CPU
		{18E34FB4-5BE7-41A0-8F1B-63E4EFCBA872}.Debug|Any CPU.Build.0 = Debug|Any CPU
		{18E34FB4-5BE7-41A0-8F1B-63E4EFCBA872}.Release|Any CPU.ActiveCfg = Release|Any CPU
		{18E34FB4-5BE7-41A0-8F1B-63E4EFCBA872}.Release|Any CPU.Build.0 = Release|Any CPU
	EndGlobalSection
	GlobalSection(SolutionProperties) = preSolution
		HideSolutionNode = FALSE
	EndGlobalSection
	GlobalSection(ExtensibilityGlobals) = postSolution
		SolutionGuid = {70C4B4F6-0390-449A-9FCD-9BCA13E57282}
	EndGlobalSection
EndGlobal
