
Microsoft Visual Studio Solution File, Format Version 12.00
# Visual Studio Version 16
VisualStudioVersion = 16.0.31025.194
MinimumVisualStudioVersion = 10.0.40219.1
Project("{FAE04EC0-301F-11D3-BF4B-00C04F79EFBC}") = "AoCDay6", "AoCDay6\AoCDay6.csproj", "{80C6D969-FA09-431F-9198-265E52DDA6A0}"
EndProject
Global
	GlobalSection(SolutionConfigurationPlatforms) = preSolution
		Debug|Any CPU = Debug|Any CPU
		Release|Any CPU = Release|Any CPU
	EndGlobalSection
	GlobalSection(ProjectConfigurationPlatforms) = postSolution
		{80C6D969-FA09-431F-9198-265E52DDA6A0}.Debug|Any CPU.ActiveCfg = Debug|Any CPU
		{80C6D969-FA09-431F-9198-265E52DDA6A0}.Debug|Any CPU.Build.0 = Debug|Any CPU
		{80C6D969-FA09-431F-9198-265E52DDA6A0}.Release|Any CPU.ActiveCfg = Release|Any CPU
		{80C6D969-FA09-431F-9198-265E52DDA6A0}.Release|Any CPU.Build.0 = Release|Any CPU
	EndGlobalSection
	GlobalSection(SolutionProperties) = preSolution
		HideSolutionNode = FALSE
	EndGlobalSection
	GlobalSection(ExtensibilityGlobals) = postSolution
		SolutionGuid = {711CFFBD-3A0E-4C8C-8A17-81A4B78B318A}
	EndGlobalSection
EndGlobal
