
Microsoft Visual Studio Solution File, Format Version 12.00
# Visual Studio Version 16
VisualStudioVersion = 16.0.31025.194
MinimumVisualStudioVersion = 10.0.40219.1
Project("{FAE04EC0-301F-11D3-BF4B-00C04F79EFBC}") = "day12", "day12\day12.csproj", "{DFB11CB4-5EC9-4D4F-997F-237A37659612}"
EndProject
Global
	GlobalSection(SolutionConfigurationPlatforms) = preSolution
		Debug|Any CPU = Debug|Any CPU
		Release|Any CPU = Release|Any CPU
	EndGlobalSection
	GlobalSection(ProjectConfigurationPlatforms) = postSolution
		{DFB11CB4-5EC9-4D4F-997F-237A37659612}.Debug|Any CPU.ActiveCfg = Debug|Any CPU
		{DFB11CB4-5EC9-4D4F-997F-237A37659612}.Debug|Any CPU.Build.0 = Debug|Any CPU
		{DFB11CB4-5EC9-4D4F-997F-237A37659612}.Release|Any CPU.ActiveCfg = Release|Any CPU
		{DFB11CB4-5EC9-4D4F-997F-237A37659612}.Release|Any CPU.Build.0 = Release|Any CPU
	EndGlobalSection
	GlobalSection(SolutionProperties) = preSolution
		HideSolutionNode = FALSE
	EndGlobalSection
	GlobalSection(ExtensibilityGlobals) = postSolution
		SolutionGuid = {2A98B74F-5B49-4535-A819-BA4DF5964A5A}
	EndGlobalSection
EndGlobal
